
Microsoft Visual Studio Solution File, Format Version 12.00
# Visual Studio Version 16
VisualStudioVersion = 16.0.29613.14
MinimumVisualStudioVersion = 10.0.40219.1
Project("{FAE04EC0-301F-11D3-BF4B-00C04F79EFBC}") = "ExampleFastBoot", "ExampleFastBoot\ExampleFastBoot.csproj", "{3066556E-551B-4A4B-84AF-42E28B0611BB}"
EndProject
Global
	GlobalSection(SolutionConfigurationPlatforms) = preSolution
		Debug|Any CPU = Debug|Any CPU
		Release|Any CPU = Release|Any CPU
	EndGlobalSection
	GlobalSection(ProjectConfigurationPlatforms) = postSolution
		{3066556E-551B-4A4B-84AF-42E28B0611BB}.Debug|Any CPU.ActiveCfg = Debug|Any CPU
		{3066556E-551B-4A4B-84AF-42E28B0611BB}.Debug|Any CPU.Build.0 = Debug|Any CPU
		{3066556E-551B-4A4B-84AF-42E28B0611BB}.Release|Any CPU.ActiveCfg = Release|Any CPU
		{3066556E-551B-4A4B-84AF-42E28B0611BB}.Release|Any CPU.Build.0 = Release|Any CPU
	EndGlobalSection
	GlobalSection(SolutionProperties) = preSolution
		HideSolutionNode = FALSE
	EndGlobalSection
	GlobalSection(ExtensibilityGlobals) = postSolution
		SolutionGuid = {03C3D3E2-EF30-441F-835E-F335ED82F12F}
	EndGlobalSection
EndGlobal
